{
  "version": 4,
  "terraform_version": "1.7.5",
  "serial": 3,
  "lineage": "01d73bce-8975-0ebc-c6e7-13905050ed56",
  "outputs": {},
  "resources": [
    {
      "mode": "data",
      "type": "github_repository",
      "name": "example",
      "provider": "provider[\"registry.terraform.io/integrations/github\"]",
      "instances": [
        {
          "schema_version": 0,
          "attributes": {
            "allow_auto_merge": false,
            "allow_merge_commit": true,
            "allow_rebase_merge": true,
            "allow_squash_merge": true,
            "archived": false,
            "default_branch": "main",
            "description": "Test repo",
            "fork": false,
            "full_name": "FlexiV/hello-world",
            "git_clone_url": "git://github.com/FlexiV/hello-world.git",
            "has_discussions": false,
            "has_downloads": true,
            "has_issues": true,
            "has_projects": true,
            "has_wiki": true,
            "homepage_url": "",
            "html_url": "https://github.com/FlexiV/hello-world",
            "http_clone_url": "https://github.com/FlexiV/hello-world.git",
            "id": "hello-world",
            "is_template": false,
            "merge_commit_message": "PR_TITLE",
            "merge_commit_title": "MERGE_MESSAGE",
            "name": "hello-world",
            "node_id": "MDEwOlJlcG9zaXRvcnk4Mjg4MDM5OA==",
            "pages": [],
            "primary_language": "",
            "private": false,
            "repo_id": 82880398,
            "repository_license": [],
            "squash_merge_commit_message": "COMMIT_MESSAGES",
            "squash_merge_commit_title": "COMMIT_OR_PR_TITLE",
            "ssh_clone_url": "git@github.com:FlexiV/hello-world.git",
            "svn_url": "https://github.com/FlexiV/hello-world",
            "template": [],
            "topics": [],
            "visibility": "public"
          },
          "sensitive_attributes": []
        }
      ]
    },
    {
      "mode": "data",
      "type": "github_user",
      "name": "current",
      "provider": "provider[\"registry.terraform.io/integrations/github\"]",
      "instances": [
        {
          "schema_version": 0,
          "attributes": {
            "avatar_url": "https://avatars.githubusercontent.com/u/25970838?v=4",
            "bio": "",
            "blog": "",
            "company": "",
            "created_at": null,
            "email": "",
            "followers": 0,
            "following": 0,
            "gpg_keys": [],
            "gravatar_id": "",
            "id": "25970838",
            "location": "",
            "login": "FlexiV",
            "name": "",
            "node_id": "MDQ6VXNlcjI1OTcwODM4",
            "public_gists": 0,
            "public_repos": 1,
            "site_admin": false,
            "ssh_keys": [],
            "suspended_at": null,
            "updated_at": null,
            "username": null
          },
          "sensitive_attributes": []
        }
      ]
    },
    {
      "mode": "managed",
      "type": "github_actions_environment_secret",
      "name": "example",
      "provider": "provider[\"registry.terraform.io/integrations/github\"]",
      "instances": [
        {
          "index_key": "dev:HELLO",
          "schema_version": 0,
          "attributes": {
            "created_at": "2024-04-10 01:57:23 +0000 UTC",
            "encrypted_value": "mT1xpziCY7dcTfJlpYKT8upKoCpY74JdthhOLXzM4DxiRcwSwP6BLJ5OgGh5XPlHFECIXWA=",
            "environment": "dev",
            "id": "hello-world:dev:HELLO",
            "plaintext_value": "",
            "repository": "hello-world",
            "secret_name": "HELLO",
            "updated_at": "2024-04-10 01:57:23 +0000 UTC"
          },
          "sensitive_attributes": [],
          "private": "bnVsbA==",
          "dependencies": [
            "data.github_repository.example"
          ]
        }
      ]
    }
  ],
  "check_results": null
}
